// !$*UTF8*$!
{
	archiveVersion = 1;
	classes = {
	};
	objectVersion = 56;
	objects = {

/* Begin PBXBuildFile section */
		FF25190C2AB0AE3D00566A31 /* BookingApp.swift in Sources */ = {isa = PBXBuildFile; fileRef = FF25190B2AB0AE3D00566A31 /* BookingApp.swift */; };
		FF2519102AB0AE3E00566A31 /* Assets.xcassets in Resources */ = {isa = PBXBuildFile; fileRef = FF25190F2AB0AE3E00566A31 /* Assets.xcassets */; };
		FF2519132AB0AE3E00566A31 /* Preview Assets.xcassets in Resources */ = {isa = PBXBuildFile; fileRef = FF2519122AB0AE3E00566A31 /* Preview Assets.xcassets */; };
		FF25191C2AB0AF9B00566A31 /* HotelScreenView.swift in Sources */ = {isa = PBXBuildFile; fileRef = FF25191B2AB0AF9B00566A31 /* HotelScreenView.swift */; };
		FF2519232AB0B17100566A31 /* Localizable.strings in Resources */ = {isa = PBXBuildFile; fileRef = FF2519252AB0B17100566A31 /* Localizable.strings */; };
		FF2519282AB0B9A500566A31 /* SDWebImageSwiftUI in Frameworks */ = {isa = PBXBuildFile; productRef = FF2519272AB0B9A500566A31 /* SDWebImageSwiftUI */; };
		FF25192A2AB0B9D800566A31 /* ImageCarouselView.swift in Sources */ = {isa = PBXBuildFile; fileRef = FF2519292AB0B9D800566A31 /* ImageCarouselView.swift */; };
		FF25192E2AB0DA2100566A31 /* SF-Pro-Display-Regular.otf in Resources */ = {isa = PBXBuildFile; fileRef = FF25192D2AB0DA2100566A31 /* SF-Pro-Display-Regular.otf */; };
		FF2519312AB0DB2700566A31 /* Fonts.swift in Sources */ = {isa = PBXBuildFile; fileRef = FF2519302AB0DB2700566A31 /* Fonts.swift */; };
		FF2519342AB0DBF900566A31 /* RatingView.swift in Sources */ = {isa = PBXBuildFile; fileRef = FF2519332AB0DBF900566A31 /* RatingView.swift */; };
		FF2519382AB0DD2A00566A31 /* Color+ext.swift in Sources */ = {isa = PBXBuildFile; fileRef = FF2519372AB0DD2A00566A31 /* Color+ext.swift */; };
		FF25193A2AB0FB2200566A31 /* AssetsHelper.swift in Sources */ = {isa = PBXBuildFile; fileRef = FF2519392AB0FB2200566A31 /* AssetsHelper.swift */; };
		FF2519442AB10A7A00566A31 /* SF-Pro-Display-Semibold.otf in Resources */ = {isa = PBXBuildFile; fileRef = FF2519432AB10A7A00566A31 /* SF-Pro-Display-Semibold.otf */; };
		FF2519462AB10A9200566A31 /* SF-Pro-Display-Medium.otf in Resources */ = {isa = PBXBuildFile; fileRef = FF2519452AB10A9200566A31 /* SF-Pro-Display-Medium.otf */; };
		FFBC5C4D2AB111FE00FDA086 /* View+ext.swift in Sources */ = {isa = PBXBuildFile; fileRef = FFBC5C4C2AB111FE00FDA086 /* View+ext.swift */; };
		FFBC5C4F2AB19EE900FDA086 /* HotelScreenViewModel.swift in Sources */ = {isa = PBXBuildFile; fileRef = FFBC5C4E2AB19EE900FDA086 /* HotelScreenViewModel.swift */; };
		FFBC5C542AB1A01900FDA086 /* Hotel.swift in Sources */ = {isa = PBXBuildFile; fileRef = FFBC5C532AB1A01900FDA086 /* Hotel.swift */; };
		FFBC5C562AB1A08000FDA086 /* Room.swift in Sources */ = {isa = PBXBuildFile; fileRef = FFBC5C552AB1A08000FDA086 /* Room.swift */; };
		FFBC5C582AB1A0F900FDA086 /* BookingEndpoints.swift in Sources */ = {isa = PBXBuildFile; fileRef = FFBC5C572AB1A0F900FDA086 /* BookingEndpoints.swift */; };
		FFBC5C5A2AB1A28700FDA086 /* NetworkService.swift in Sources */ = {isa = PBXBuildFile; fileRef = FFBC5C592AB1A28700FDA086 /* NetworkService.swift */; };
		FFBC5C5E2AB1A39500FDA086 /* BookingService.swift in Sources */ = {isa = PBXBuildFile; fileRef = FFBC5C5D2AB1A39500FDA086 /* BookingService.swift */; };
		FFBC5C612AB1CEA400FDA086 /* String+ext.swift in Sources */ = {isa = PBXBuildFile; fileRef = FFBC5C602AB1CEA400FDA086 /* String+ext.swift */; };
		FFBC5C632AB1D14E00FDA086 /* AboutHotelView.swift in Sources */ = {isa = PBXBuildFile; fileRef = FFBC5C622AB1D14E00FDA086 /* AboutHotelView.swift */; };
		FFBC5C652AB1D16800FDA086 /* HotelMainInfoView.swift in Sources */ = {isa = PBXBuildFile; fileRef = FFBC5C642AB1D16800FDA086 /* HotelMainInfoView.swift */; };
		FFBC5C672AB1D23C00FDA086 /* PeculiaritiesView.swift in Sources */ = {isa = PBXBuildFile; fileRef = FFBC5C662AB1D23C00FDA086 /* PeculiaritiesView.swift */; };
		FFBC5C7B2AB1F88200FDA086 /* HotelInfoCategoriesView.swift in Sources */ = {isa = PBXBuildFile; fileRef = FFBC5C7A2AB1F88200FDA086 /* HotelInfoCategoriesView.swift */; };
/* End PBXBuildFile section */

/* Begin PBXFileReference section */
		FF2519082AB0AE3D00566A31 /* BookingApp.app */ = {isa = PBXFileReference; explicitFileType = wrapper.application; includeInIndex = 0; path = BookingApp.app; sourceTree = BUILT_PRODUCTS_DIR; };
		FF25190B2AB0AE3D00566A31 /* BookingApp.swift */ = {isa = PBXFileReference; lastKnownFileType = sourcecode.swift; path = BookingApp.swift; sourceTree = "<group>"; };
		FF25190F2AB0AE3E00566A31 /* Assets.xcassets */ = {isa = PBXFileReference; lastKnownFileType = folder.assetcatalog; path = Assets.xcassets; sourceTree = "<group>"; };
		FF2519122AB0AE3E00566A31 /* Preview Assets.xcassets */ = {isa = PBXFileReference; lastKnownFileType = folder.assetcatalog; path = "Preview Assets.xcassets"; sourceTree = "<group>"; };
		FF25191B2AB0AF9B00566A31 /* HotelScreenView.swift */ = {isa = PBXFileReference; lastKnownFileType = sourcecode.swift; path = HotelScreenView.swift; sourceTree = "<group>"; };
		FF2519242AB0B17100566A31 /* en */ = {isa = PBXFileReference; lastKnownFileType = text.plist.strings; name = en; path = en.lproj/Localizable.strings; sourceTree = "<group>"; };
		FF2519292AB0B9D800566A31 /* ImageCarouselView.swift */ = {isa = PBXFileReference; lastKnownFileType = sourcecode.swift; path = ImageCarouselView.swift; sourceTree = "<group>"; };
		FF25192D2AB0DA2100566A31 /* SF-Pro-Display-Regular.otf */ = {isa = PBXFileReference; lastKnownFileType = file; name = "SF-Pro-Display-Regular.otf"; path = "BookingApp/Resources/Fonts/SF-Pro-Display-Regular.otf"; sourceTree = SOURCE_ROOT; };
		FF25192F2AB0DA9D00566A31 /* Info.plist */ = {isa = PBXFileReference; lastKnownFileType = text.plist; path = Info.plist; sourceTree = "<group>"; };
		FF2519302AB0DB2700566A31 /* Fonts.swift */ = {isa = PBXFileReference; lastKnownFileType = sourcecode.swift; path = Fonts.swift; sourceTree = "<group>"; };
		FF2519332AB0DBF900566A31 /* RatingView.swift */ = {isa = PBXFileReference; lastKnownFileType = sourcecode.swift; path = RatingView.swift; sourceTree = "<group>"; };
		FF2519372AB0DD2A00566A31 /* Color+ext.swift */ = {isa = PBXFileReference; lastKnownFileType = sourcecode.swift; path = "Color+ext.swift"; sourceTree = "<group>"; };
		FF2519392AB0FB2200566A31 /* AssetsHelper.swift */ = {isa = PBXFileReference; lastKnownFileType = sourcecode.swift; path = AssetsHelper.swift; sourceTree = "<group>"; };
		FF2519432AB10A7A00566A31 /* SF-Pro-Display-Semibold.otf */ = {isa = PBXFileReference; lastKnownFileType = file; path = "SF-Pro-Display-Semibold.otf"; sourceTree = "<group>"; };
		FF2519452AB10A9200566A31 /* SF-Pro-Display-Medium.otf */ = {isa = PBXFileReference; lastKnownFileType = file; path = "SF-Pro-Display-Medium.otf"; sourceTree = "<group>"; };
		FFBC5C4C2AB111FE00FDA086 /* View+ext.swift */ = {isa = PBXFileReference; lastKnownFileType = sourcecode.swift; path = "View+ext.swift"; sourceTree = "<group>"; };
		FFBC5C4E2AB19EE900FDA086 /* HotelScreenViewModel.swift */ = {isa = PBXFileReference; lastKnownFileType = sourcecode.swift; path = HotelScreenViewModel.swift; sourceTree = "<group>"; };
		FFBC5C532AB1A01900FDA086 /* Hotel.swift */ = {isa = PBXFileReference; lastKnownFileType = sourcecode.swift; path = Hotel.swift; sourceTree = "<group>"; };
		FFBC5C552AB1A08000FDA086 /* Room.swift */ = {isa = PBXFileReference; lastKnownFileType = sourcecode.swift; path = Room.swift; sourceTree = "<group>"; };
		FFBC5C572AB1A0F900FDA086 /* BookingEndpoints.swift */ = {isa = PBXFileReference; lastKnownFileType = sourcecode.swift; path = BookingEndpoints.swift; sourceTree = "<group>"; };
		FFBC5C592AB1A28700FDA086 /* NetworkService.swift */ = {isa = PBXFileReference; lastKnownFileType = sourcecode.swift; path = NetworkService.swift; sourceTree = "<group>"; };
		FFBC5C5D2AB1A39500FDA086 /* BookingService.swift */ = {isa = PBXFileReference; lastKnownFileType = sourcecode.swift; path = BookingService.swift; sourceTree = "<group>"; };
		FFBC5C5F2AB1CE5E00FDA086 /* ru */ = {isa = PBXFileReference; lastKnownFileType = text.plist.strings; name = ru; path = ru.lproj/Localizable.strings; sourceTree = "<group>"; };
		FFBC5C602AB1CEA400FDA086 /* String+ext.swift */ = {isa = PBXFileReference; lastKnownFileType = sourcecode.swift; path = "String+ext.swift"; sourceTree = "<group>"; };
		FFBC5C622AB1D14E00FDA086 /* AboutHotelView.swift */ = {isa = PBXFileReference; lastKnownFileType = sourcecode.swift; path = AboutHotelView.swift; sourceTree = "<group>"; };
		FFBC5C642AB1D16800FDA086 /* HotelMainInfoView.swift */ = {isa = PBXFileReference; lastKnownFileType = sourcecode.swift; path = HotelMainInfoView.swift; sourceTree = "<group>"; };
		FFBC5C662AB1D23C00FDA086 /* PeculiaritiesView.swift */ = {isa = PBXFileReference; lastKnownFileType = sourcecode.swift; path = PeculiaritiesView.swift; sourceTree = "<group>"; };
		FFBC5C7A2AB1F88200FDA086 /* HotelInfoCategoriesView.swift */ = {isa = PBXFileReference; lastKnownFileType = sourcecode.swift; path = HotelInfoCategoriesView.swift; sourceTree = "<group>"; };
/* End PBXFileReference section */

/* Begin PBXFrameworksBuildPhase section */
		FF2519052AB0AE3D00566A31 /* Frameworks */ = {
			isa = PBXFrameworksBuildPhase;
			buildActionMask = 2147483647;
			files = (
				FF2519282AB0B9A500566A31 /* SDWebImageSwiftUI in Frameworks */,
			);
			runOnlyForDeploymentPostprocessing = 0;
		};
/* End PBXFrameworksBuildPhase section */

/* Begin PBXGroup section */
		FF2518FF2AB0AE3D00566A31 = {
			isa = PBXGroup;
			children = (
				FF25190A2AB0AE3D00566A31 /* BookingApp */,
				FF2519092AB0AE3D00566A31 /* Products */,
			);
			sourceTree = "<group>";
		};
		FF2519092AB0AE3D00566A31 /* Products */ = {
			isa = PBXGroup;
			children = (
				FF2519082AB0AE3D00566A31 /* BookingApp.app */,
			);
			name = Products;
			sourceTree = "<group>";
		};
		FF25190A2AB0AE3D00566A31 /* BookingApp */ = {
			isa = PBXGroup;
			children = (
				FF25192F2AB0DA9D00566A31 /* Info.plist */,
				FF25190B2AB0AE3D00566A31 /* BookingApp.swift */,
				FF2519202AB0B00E00566A31 /* Coordinator */,
				FF2519192AB0AF4700566A31 /* Components */,
				FFBC5C502AB19FD400FDA086 /* NetworkLayer */,
				FFBC5C522AB19FF500FDA086 /* Screens */,
				FF25191D2AB0AFA400566A31 /* Resources */,
				FF2519352AB0DD0200566A31 /* Utils+Helpers */,
				FF2519112AB0AE3E00566A31 /* Preview Content */,
			);
			path = BookingApp;
			sourceTree = "<group>";
		};
		FF2519112AB0AE3E00566A31 /* Preview Content */ = {
			isa = PBXGroup;
			children = (
				FF2519122AB0AE3E00566A31 /* Preview Assets.xcassets */,
			);
			path = "Preview Content";
			sourceTree = "<group>";
		};
		FF2519192AB0AF4700566A31 /* Components */ = {
			isa = PBXGroup;
			children = (
				FF2519292AB0B9D800566A31 /* ImageCarouselView.swift */,
			);
			path = Components;
			sourceTree = "<group>";
		};
		FF25191A2AB0AF6C00566A31 /* HotelScreen */ = {
			isa = PBXGroup;
			children = (
				FF25191B2AB0AF9B00566A31 /* HotelScreenView.swift */,
				FFBC5C4E2AB19EE900FDA086 /* HotelScreenViewModel.swift */,
				FF2519322AB0DB9700566A31 /* Subviews */,
			);
			path = HotelScreen;
			sourceTree = "<group>";
		};
		FF25191D2AB0AFA400566A31 /* Resources */ = {
			isa = PBXGroup;
			children = (
				FF25192C2AB0D9A400566A31 /* Fonts */,
				FF25192B2AB0D52600566A31 /* LocalisedStrings */,
				FF25191E2AB0AFB200566A31 /* Assets */,
			);
			path = Resources;
			sourceTree = "<group>";
		};
		FF25191E2AB0AFB200566A31 /* Assets */ = {
			isa = PBXGroup;
			children = (
				FF2519392AB0FB2200566A31 /* AssetsHelper.swift */,
				FF25190F2AB0AE3E00566A31 /* Assets.xcassets */,
			);
			path = Assets;
			sourceTree = "<group>";
		};
		FF25191F2AB0B00000566A31 /* Models */ = {
			isa = PBXGroup;
			children = (
				FFBC5C532AB1A01900FDA086 /* Hotel.swift */,
				FFBC5C552AB1A08000FDA086 /* Room.swift */,
			);
			path = Models;
			sourceTree = "<group>";
		};
		FF2519202AB0B00E00566A31 /* Coordinator */ = {
			isa = PBXGroup;
			children = (
			);
			path = Coordinator;
			sourceTree = "<group>";
		};
		FF25192B2AB0D52600566A31 /* LocalisedStrings */ = {
			isa = PBXGroup;
			children = (
				FF2519252AB0B17100566A31 /* Localizable.strings */,
			);
			path = LocalisedStrings;
			sourceTree = "<group>";
		};
		FF25192C2AB0D9A400566A31 /* Fonts */ = {
			isa = PBXGroup;
			children = (
				FF2519302AB0DB2700566A31 /* Fonts.swift */,
				FF2519452AB10A9200566A31 /* SF-Pro-Display-Medium.otf */,
				FF2519432AB10A7A00566A31 /* SF-Pro-Display-Semibold.otf */,
				FF25192D2AB0DA2100566A31 /* SF-Pro-Display-Regular.otf */,
			);
			path = Fonts;
			sourceTree = "<group>";
		};
		FF2519322AB0DB9700566A31 /* Subviews */ = {
			isa = PBXGroup;
			children = (
				FFBC5C642AB1D16800FDA086 /* HotelMainInfoView.swift */,
				FFBC5C622AB1D14E00FDA086 /* AboutHotelView.swift */,
				FF2519332AB0DBF900566A31 /* RatingView.swift */,
				FFBC5C662AB1D23C00FDA086 /* PeculiaritiesView.swift */,
				FFBC5C7A2AB1F88200FDA086 /* HotelInfoCategoriesView.swift */,
			);
			path = Subviews;
			sourceTree = "<group>";
		};
		FF2519352AB0DD0200566A31 /* Utils+Helpers */ = {
			isa = PBXGroup;
			children = (
				FF2519362AB0DD1400566A31 /* Extensions */,
			);
			path = "Utils+Helpers";
			sourceTree = "<group>";
		};
		FF2519362AB0DD1400566A31 /* Extensions */ = {
			isa = PBXGroup;
			children = (
				FF2519372AB0DD2A00566A31 /* Color+ext.swift */,
				FFBC5C4C2AB111FE00FDA086 /* View+ext.swift */,
				FFBC5C602AB1CEA400FDA086 /* String+ext.swift */,
			);
			path = Extensions;
			sourceTree = "<group>";
		};
		FFBC5C502AB19FD400FDA086 /* NetworkLayer */ = {
			isa = PBXGroup;
			children = (
				FFBC5C5C2AB1A37D00FDA086 /* Services */,
				FF25191F2AB0B00000566A31 /* Models */,
			);
			path = NetworkLayer;
			sourceTree = "<group>";
		};
		FFBC5C522AB19FF500FDA086 /* Screens */ = {
			isa = PBXGroup;
			children = (
				FF25191A2AB0AF6C00566A31 /* HotelScreen */,
			);
			path = Screens;
			sourceTree = "<group>";
		};
		FFBC5C5C2AB1A37D00FDA086 /* Services */ = {
			isa = PBXGroup;
			children = (
				FFBC5C572AB1A0F900FDA086 /* BookingEndpoints.swift */,
				FFBC5C592AB1A28700FDA086 /* NetworkService.swift */,
				FFBC5C5D2AB1A39500FDA086 /* BookingService.swift */,
			);
			path = Services;
			sourceTree = "<group>";
		};
/* End PBXGroup section */

/* Begin PBXNativeTarget section */
		FF2519072AB0AE3D00566A31 /* BookingApp */ = {
			isa = PBXNativeTarget;
			buildConfigurationList = FF2519162AB0AE3E00566A31 /* Build configuration list for PBXNativeTarget "BookingApp" */;
			buildPhases = (
				FF2519042AB0AE3D00566A31 /* Sources */,
				FF2519052AB0AE3D00566A31 /* Frameworks */,
				FF2519062AB0AE3D00566A31 /* Resources */,
			);
			buildRules = (
			);
			dependencies = (
			);
			name = BookingApp;
			packageProductDependencies = (
				FF2519272AB0B9A500566A31 /* SDWebImageSwiftUI */,
			);
			productName = BookingApp;
			productReference = FF2519082AB0AE3D00566A31 /* BookingApp.app */;
			productType = "com.apple.product-type.application";
		};
/* End PBXNativeTarget section */

/* Begin PBXProject section */
		FF2519002AB0AE3D00566A31 /* Project object */ = {
			isa = PBXProject;
			attributes = {
				BuildIndependentTargetsInParallel = 1;
				LastSwiftUpdateCheck = 1430;
				LastUpgradeCheck = 1430;
				TargetAttributes = {
					FF2519072AB0AE3D00566A31 = {
						CreatedOnToolsVersion = 14.3;
					};
				};
			};
			buildConfigurationList = FF2519032AB0AE3D00566A31 /* Build configuration list for PBXProject "BookingApp" */;
			compatibilityVersion = "Xcode 14.0";
			developmentRegion = en;
			hasScannedForEncodings = 0;
			knownRegions = (
				en,
				Base,
				ru,
			);
			mainGroup = FF2518FF2AB0AE3D00566A31;
			packageReferences = (
				FF2519262AB0B9A500566A31 /* XCRemoteSwiftPackageReference "SDWebImageSwiftUI" */,
			);
			productRefGroup = FF2519092AB0AE3D00566A31 /* Products */;
			projectDirPath = "";
			projectRoot = "";
			targets = (
				FF2519072AB0AE3D00566A31 /* BookingApp */,
			);
		};
/* End PBXProject section */

/* Begin PBXResourcesBuildPhase section */
		FF2519062AB0AE3D00566A31 /* Resources */ = {
			isa = PBXResourcesBuildPhase;
			buildActionMask = 2147483647;
			files = (
				FF2519462AB10A9200566A31 /* SF-Pro-Display-Medium.otf in Resources */,
				FF2519132AB0AE3E00566A31 /* Preview Assets.xcassets in Resources */,
				FF2519232AB0B17100566A31 /* Localizable.strings in Resources */,
				FF2519442AB10A7A00566A31 /* SF-Pro-Display-Semibold.otf in Resources */,
				FF25192E2AB0DA2100566A31 /* SF-Pro-Display-Regular.otf in Resources */,
				FF2519102AB0AE3E00566A31 /* Assets.xcassets in Resources */,
			);
			runOnlyForDeploymentPostprocessing = 0;
		};
/* End PBXResourcesBuildPhase section */

/* Begin PBXSourcesBuildPhase section */
		FF2519042AB0AE3D00566A31 /* Sources */ = {
			isa = PBXSourcesBuildPhase;
			buildActionMask = 2147483647;
			files = (
				FFBC5C672AB1D23C00FDA086 /* PeculiaritiesView.swift in Sources */,
				FFBC5C542AB1A01900FDA086 /* Hotel.swift in Sources */,
				FFBC5C632AB1D14E00FDA086 /* AboutHotelView.swift in Sources */,
				FFBC5C4D2AB111FE00FDA086 /* View+ext.swift in Sources */,
				FF25193A2AB0FB2200566A31 /* AssetsHelper.swift in Sources */,
				FFBC5C5E2AB1A39500FDA086 /* BookingService.swift in Sources */,
				FF2519312AB0DB2700566A31 /* Fonts.swift in Sources */,
				FF25190C2AB0AE3D00566A31 /* BookingApp.swift in Sources */,
				FFBC5C4F2AB19EE900FDA086 /* HotelScreenViewModel.swift in Sources */,
				FFBC5C7B2AB1F88200FDA086 /* HotelInfoCategoriesView.swift in Sources */,
				FFBC5C652AB1D16800FDA086 /* HotelMainInfoView.swift in Sources */,
				FF2519342AB0DBF900566A31 /* RatingView.swift in Sources */,
				FF25192A2AB0B9D800566A31 /* ImageCarouselView.swift in Sources */,
				FF2519382AB0DD2A00566A31 /* Color+ext.swift in Sources */,
				FFBC5C612AB1CEA400FDA086 /* String+ext.swift in Sources */,
				FF25191C2AB0AF9B00566A31 /* HotelScreenView.swift in Sources */,
				FFBC5C582AB1A0F900FDA086 /* BookingEndpoints.swift in Sources */,
				FFBC5C5A2AB1A28700FDA086 /* NetworkService.swift in Sources */,
				FFBC5C562AB1A08000FDA086 /* Room.swift in Sources */,
			);
			runOnlyForDeploymentPostprocessing = 0;
		};
/* End PBXSourcesBuildPhase section */

/* Begin PBXVariantGroup section */
		FF2519252AB0B17100566A31 /* Localizable.strings */ = {
			isa = PBXVariantGroup;
			children = (
				FF2519242AB0B17100566A31 /* en */,
				FFBC5C5F2AB1CE5E00FDA086 /* ru */,
			);
			name = Localizable.strings;
			sourceTree = "<group>";
		};
/* End PBXVariantGroup section */

/* Begin XCBuildConfiguration section */
		FF2519142AB0AE3E00566A31 /* Debug */ = {
			isa = XCBuildConfiguration;
			buildSettings = {
				ALWAYS_SEARCH_USER_PATHS = NO;
				CLANG_ANALYZER_LOCALIZABILITY_NONLOCALIZED = YES;
				CLANG_ANALYZER_NONNULL = YES;
				CLANG_ANALYZER_NUMBER_OBJECT_CONVERSION = YES_AGGRESSIVE;
				CLANG_CXX_LANGUAGE_STANDARD = "gnu++20";
				CLANG_ENABLE_MODULES = YES;
				CLANG_ENABLE_OBJC_ARC = YES;
				CLANG_ENABLE_OBJC_WEAK = YES;
				CLANG_WARN_BLOCK_CAPTURE_AUTORELEASING = YES;
				CLANG_WARN_BOOL_CONVERSION = YES;
				CLANG_WARN_COMMA = YES;
				CLANG_WARN_CONSTANT_CONVERSION = YES;
				CLANG_WARN_DEPRECATED_OBJC_IMPLEMENTATIONS = YES;
				CLANG_WARN_DIRECT_OBJC_ISA_USAGE = YES_ERROR;
				CLANG_WARN_DOCUMENTATION_COMMENTS = YES;
				CLANG_WARN_EMPTY_BODY = YES;
				CLANG_WARN_ENUM_CONVERSION = YES;
				CLANG_WARN_INFINITE_RECURSION = YES;
				CLANG_WARN_INT_CONVERSION = YES;
				CLANG_WARN_NON_LITERAL_NULL_CONVERSION = YES;
				CLANG_WARN_OBJC_IMPLICIT_RETAIN_SELF = YES;
				CLANG_WARN_OBJC_LITERAL_CONVERSION = YES;
				CLANG_WARN_OBJC_ROOT_CLASS = YES_ERROR;
				CLANG_WARN_QUOTED_INCLUDE_IN_FRAMEWORK_HEADER = YES;
				CLANG_WARN_RANGE_LOOP_ANALYSIS = YES;
				CLANG_WARN_STRICT_PROTOTYPES = YES;
				CLANG_WARN_SUSPICIOUS_MOVE = YES;
				CLANG_WARN_UNGUARDED_AVAILABILITY = YES_AGGRESSIVE;
				CLANG_WARN_UNREACHABLE_CODE = YES;
				CLANG_WARN__DUPLICATE_METHOD_MATCH = YES;
				COPY_PHASE_STRIP = NO;
				DEBUG_INFORMATION_FORMAT = dwarf;
				ENABLE_STRICT_OBJC_MSGSEND = YES;
				ENABLE_TESTABILITY = YES;
				GCC_C_LANGUAGE_STANDARD = gnu11;
				GCC_DYNAMIC_NO_PIC = NO;
				GCC_NO_COMMON_BLOCKS = YES;
				GCC_OPTIMIZATION_LEVEL = 0;
				GCC_PREPROCESSOR_DEFINITIONS = (
					"DEBUG=1",
					"$(inherited)",
				);
				GCC_WARN_64_TO_32_BIT_CONVERSION = YES;
				GCC_WARN_ABOUT_RETURN_TYPE = YES_ERROR;
				GCC_WARN_UNDECLARED_SELECTOR = YES;
				GCC_WARN_UNINITIALIZED_AUTOS = YES_AGGRESSIVE;
				GCC_WARN_UNUSED_FUNCTION = YES;
				GCC_WARN_UNUSED_VARIABLE = YES;
				IPHONEOS_DEPLOYMENT_TARGET = 15.6;
				MTL_ENABLE_DEBUG_INFO = INCLUDE_SOURCE;
				MTL_FAST_MATH = YES;
				ONLY_ACTIVE_ARCH = YES;
				SDKROOT = iphoneos;
				SWIFT_ACTIVE_COMPILATION_CONDITIONS = DEBUG;
				SWIFT_OPTIMIZATION_LEVEL = "-Onone";
			};
			name = Debug;
		};
		FF2519152AB0AE3E00566A31 /* Release */ = {
			isa = XCBuildConfiguration;
			buildSettings = {
				ALWAYS_SEARCH_USER_PATHS = NO;
				CLANG_ANALYZER_LOCALIZABILITY_NONLOCALIZED = YES;
				CLANG_ANALYZER_NONNULL = YES;
				CLANG_ANALYZER_NUMBER_OBJECT_CONVERSION = YES_AGGRESSIVE;
				CLANG_CXX_LANGUAGE_STANDARD = "gnu++20";
				CLANG_ENABLE_MODULES = YES;
				CLANG_ENABLE_OBJC_ARC = YES;
				CLANG_ENABLE_OBJC_WEAK = YES;
				CLANG_WARN_BLOCK_CAPTURE_AUTORELEASING = YES;
				CLANG_WARN_BOOL_CONVERSION = YES;
				CLANG_WARN_COMMA = YES;
				CLANG_WARN_CONSTANT_CONVERSION = YES;
				CLANG_WARN_DEPRECATED_OBJC_IMPLEMENTATIONS = YES;
				CLANG_WARN_DIRECT_OBJC_ISA_USAGE = YES_ERROR;
				CLANG_WARN_DOCUMENTATION_COMMENTS = YES;
				CLANG_WARN_EMPTY_BODY = YES;
				CLANG_WARN_ENUM_CONVERSION = YES;
				CLANG_WARN_INFINITE_RECURSION = YES;
				CLANG_WARN_INT_CONVERSION = YES;
				CLANG_WARN_NON_LITERAL_NULL_CONVERSION = YES;
				CLANG_WARN_OBJC_IMPLICIT_RETAIN_SELF = YES;
				CLANG_WARN_OBJC_LITERAL_CONVERSION = YES;
				CLANG_WARN_OBJC_ROOT_CLASS = YES_ERROR;
				CLANG_WARN_QUOTED_INCLUDE_IN_FRAMEWORK_HEADER = YES;
				CLANG_WARN_RANGE_LOOP_ANALYSIS = YES;
				CLANG_WARN_STRICT_PROTOTYPES = YES;
				CLANG_WARN_SUSPICIOUS_MOVE = YES;
				CLANG_WARN_UNGUARDED_AVAILABILITY = YES_AGGRESSIVE;
				CLANG_WARN_UNREACHABLE_CODE = YES;
				CLANG_WARN__DUPLICATE_METHOD_MATCH = YES;
				COPY_PHASE_STRIP = NO;
				DEBUG_INFORMATION_FORMAT = "dwarf-with-dsym";
				ENABLE_NS_ASSERTIONS = NO;
				ENABLE_STRICT_OBJC_MSGSEND = YES;
				GCC_C_LANGUAGE_STANDARD = gnu11;
				GCC_NO_COMMON_BLOCKS = YES;
				GCC_WARN_64_TO_32_BIT_CONVERSION = YES;
				GCC_WARN_ABOUT_RETURN_TYPE = YES_ERROR;
				GCC_WARN_UNDECLARED_SELECTOR = YES;
				GCC_WARN_UNINITIALIZED_AUTOS = YES_AGGRESSIVE;
				GCC_WARN_UNUSED_FUNCTION = YES;
				GCC_WARN_UNUSED_VARIABLE = YES;
				IPHONEOS_DEPLOYMENT_TARGET = 15.6;
				MTL_ENABLE_DEBUG_INFO = NO;
				MTL_FAST_MATH = YES;
				SDKROOT = iphoneos;
				SWIFT_COMPILATION_MODE = wholemodule;
				SWIFT_OPTIMIZATION_LEVEL = "-O";
				VALIDATE_PRODUCT = YES;
			};
			name = Release;
		};
		FF2519172AB0AE3E00566A31 /* Debug */ = {
			isa = XCBuildConfiguration;
			buildSettings = {
				ASSETCATALOG_COMPILER_APPICON_NAME = AppIcon;
				ASSETCATALOG_COMPILER_GLOBAL_ACCENT_COLOR_NAME = AccentColor;
				CODE_SIGN_STYLE = Automatic;
				CURRENT_PROJECT_VERSION = 1;
				DEVELOPMENT_ASSET_PATHS = "\"BookingApp/Preview Content\"";
				DEVELOPMENT_TEAM = T574RGJCUB;
				ENABLE_PREVIEWS = YES;
				GENERATE_INFOPLIST_FILE = YES;
				INFOPLIST_FILE = BookingApp/Info.plist;
				INFOPLIST_KEY_UIApplicationSceneManifest_Generation = YES;
				INFOPLIST_KEY_UIApplicationSupportsIndirectInputEvents = YES;
				INFOPLIST_KEY_UILaunchScreen_Generation = YES;
				INFOPLIST_KEY_UISupportedInterfaceOrientations_iPad = "UIInterfaceOrientationPortrait UIInterfaceOrientationPortraitUpsideDown UIInterfaceOrientationLandscapeLeft UIInterfaceOrientationLandscapeRight";
				INFOPLIST_KEY_UISupportedInterfaceOrientations_iPhone = "UIInterfaceOrientationPortrait UIInterfaceOrientationLandscapeLeft UIInterfaceOrientationLandscapeRight";
				IPHONEOS_DEPLOYMENT_TARGET = 15.6;
				LD_RUNPATH_SEARCH_PATHS = (
					"$(inherited)",
					"@executable_path/Frameworks",
				);
				MARKETING_VERSION = 1.0;
				PRODUCT_BUNDLE_IDENTIFIER = organisation.com.BookingApp;
				PRODUCT_NAME = "$(TARGET_NAME)";
				SWIFT_EMIT_LOC_STRINGS = YES;
				SWIFT_VERSION = 5.0;
				TARGETED_DEVICE_FAMILY = "1,2";
			};
			name = Debug;
		};
		FF2519182AB0AE3E00566A31 /* Release */ = {
			isa = XCBuildConfiguration;
			buildSettings = {
				ASSETCATALOG_COMPILER_APPICON_NAME = AppIcon;
				ASSETCATALOG_COMPILER_GLOBAL_ACCENT_COLOR_NAME = AccentColor;
				CODE_SIGN_STYLE = Automatic;
				CURRENT_PROJECT_VERSION = 1;
				DEVELOPMENT_ASSET_PATHS = "\"BookingApp/Preview Content\"";
				DEVELOPMENT_TEAM = T574RGJCUB;
				ENABLE_PREVIEWS = YES;
				GENERATE_INFOPLIST_FILE = YES;
				INFOPLIST_FILE = BookingApp/Info.plist;
				INFOPLIST_KEY_UIApplicationSceneManifest_Generation = YES;
				INFOPLIST_KEY_UIApplicationSupportsIndirectInputEvents = YES;
				INFOPLIST_KEY_UILaunchScreen_Generation = YES;
				INFOPLIST_KEY_UISupportedInterfaceOrientations_iPad = "UIInterfaceOrientationPortrait UIInterfaceOrientationPortraitUpsideDown UIInterfaceOrientationLandscapeLeft UIInterfaceOrientationLandscapeRight";
				INFOPLIST_KEY_UISupportedInterfaceOrientations_iPhone = "UIInterfaceOrientationPortrait UIInterfaceOrientationLandscapeLeft UIInterfaceOrientationLandscapeRight";
				IPHONEOS_DEPLOYMENT_TARGET = 15.6;
				LD_RUNPATH_SEARCH_PATHS = (
					"$(inherited)",
					"@executable_path/Frameworks",
				);
				MARKETING_VERSION = 1.0;
				PRODUCT_BUNDLE_IDENTIFIER = organisation.com.BookingApp;
				PRODUCT_NAME = "$(TARGET_NAME)";
				SWIFT_EMIT_LOC_STRINGS = YES;
				SWIFT_VERSION = 5.0;
				TARGETED_DEVICE_FAMILY = "1,2";
			};
			name = Release;
		};
/* End XCBuildConfiguration section */

/* Begin XCConfigurationList section */
		FF2519032AB0AE3D00566A31 /* Build configuration list for PBXProject "BookingApp" */ = {
			isa = XCConfigurationList;
			buildConfigurations = (
				FF2519142AB0AE3E00566A31 /* Debug */,
				FF2519152AB0AE3E00566A31 /* Release */,
			);
			defaultConfigurationIsVisible = 0;
			defaultConfigurationName = Release;
		};
		FF2519162AB0AE3E00566A31 /* Build configuration list for PBXNativeTarget "BookingApp" */ = {
			isa = XCConfigurationList;
			buildConfigurations = (
				FF2519172AB0AE3E00566A31 /* Debug */,
				FF2519182AB0AE3E00566A31 /* Release */,
			);
			defaultConfigurationIsVisible = 0;
			defaultConfigurationName = Release;
		};
/* End XCConfigurationList section */

/* Begin XCRemoteSwiftPackageReference section */
		FF2519262AB0B9A500566A31 /* XCRemoteSwiftPackageReference "SDWebImageSwiftUI" */ = {
			isa = XCRemoteSwiftPackageReference;
			repositoryURL = "https://github.com/SDWebImage/SDWebImageSwiftUI";
			requirement = {
				kind = upToNextMajorVersion;
				minimumVersion = 2.0.0;
			};
		};
/* End XCRemoteSwiftPackageReference section */

/* Begin XCSwiftPackageProductDependency section */
		FF2519272AB0B9A500566A31 /* SDWebImageSwiftUI */ = {
			isa = XCSwiftPackageProductDependency;
			package = FF2519262AB0B9A500566A31 /* XCRemoteSwiftPackageReference "SDWebImageSwiftUI" */;
			productName = SDWebImageSwiftUI;
		};
/* End XCSwiftPackageProductDependency section */
	};
	rootObject = FF2519002AB0AE3D00566A31 /* Project object */;
}
